
Microsoft Visual Studio Solution File, Format Version 12.00
# Visual Studio Version 17
VisualStudioVersion = 17.0.31903.59
MinimumVisualStudioVersion = 10.0.40219.1
Project("{FAE04EC0-301F-11D3-BF4B-00C04F79EFBC}") = "task1", "task1\task1.csproj", "{D77AEBCE-A2DD-4EDB-A29B-429AA30497B1}"
EndProject
Project("{FAE04EC0-301F-11D3-BF4B-00C04F79EFBC}") = "task2", "task2\task2.csproj", "{BCF6B585-C2F2-44BF-8635-88DD609E508E}"
EndProject
Project("{FAE04EC0-301F-11D3-BF4B-00C04F79EFBC}") = "task3", "task3\task3.csproj", "{7319254C-C43F-4357-9A1F-EBEDCA460BF3}"
EndProject
Project("{FAE04EC0-301F-11D3-BF4B-00C04F79EFBC}") = "task4", "task4\task4.csproj", "{8E4E682A-E0F5-43A0-9710-EE9A0A089DDB}"
EndProject
Global
	GlobalSection(SolutionConfigurationPlatforms) = preSolution
		Debug|Any CPU = Debug|Any CPU
		Release|Any CPU = Release|Any CPU
	EndGlobalSection
	GlobalSection(SolutionProperties) = preSolution
		HideSolutionNode = FALSE
	EndGlobalSection
	GlobalSection(ProjectConfigurationPlatforms) = postSolution
		{D77AEBCE-A2DD-4EDB-A29B-429AA30497B1}.Debug|Any CPU.ActiveCfg = Debug|Any CPU
		{D77AEBCE-A2DD-4EDB-A29B-429AA30497B1}.Debug|Any CPU.Build.0 = Debug|Any CPU
		{D77AEBCE-A2DD-4EDB-A29B-429AA30497B1}.Release|Any CPU.ActiveCfg = Release|Any CPU
		{D77AEBCE-A2DD-4EDB-A29B-429AA30497B1}.Release|Any CPU.Build.0 = Release|Any CPU
		{BCF6B585-C2F2-44BF-8635-88DD609E508E}.Debug|Any CPU.ActiveCfg = Debug|Any CPU
		{BCF6B585-C2F2-44BF-8635-88DD609E508E}.Debug|Any CPU.Build.0 = Debug|Any CPU
		{BCF6B585-C2F2-44BF-8635-88DD609E508E}.Release|Any CPU.ActiveCfg = Release|Any CPU
		{BCF6B585-C2F2-44BF-8635-88DD609E508E}.Release|Any CPU.Build.0 = Release|Any CPU
		{7319254C-C43F-4357-9A1F-EBEDCA460BF3}.Debug|Any CPU.ActiveCfg = Debug|Any CPU
		{7319254C-C43F-4357-9A1F-EBEDCA460BF3}.Debug|Any CPU.Build.0 = Debug|Any CPU
		{7319254C-C43F-4357-9A1F-EBEDCA460BF3}.Release|Any CPU.ActiveCfg = Release|Any CPU
		{7319254C-C43F-4357-9A1F-EBEDCA460BF3}.Release|Any CPU.Build.0 = Release|Any CPU
		{8E4E682A-E0F5-43A0-9710-EE9A0A089DDB}.Debug|Any CPU.ActiveCfg = Debug|Any CPU
		{8E4E682A-E0F5-43A0-9710-EE9A0A089DDB}.Debug|Any CPU.Build.0 = Debug|Any CPU
		{8E4E682A-E0F5-43A0-9710-EE9A0A089DDB}.Release|Any CPU.ActiveCfg = Release|Any CPU
		{8E4E682A-E0F5-43A0-9710-EE9A0A089DDB}.Release|Any CPU.Build.0 = Release|Any CPU
	EndGlobalSection
EndGlobal
